
Microsoft Visual Studio Solution File, Format Version 12.00
# Visual Studio Version 17
VisualStudioVersion = 17.2.32526.322
MinimumVisualStudioVersion = 10.0.40219.1
Project("{9A19103F-16F7-4668-BE54-9A1E7A4F7556}") = "Server", "Server.csproj", "{43394239-E88A-4C80-840A-4B894BD2AF8A}"
EndProject
Project("{FAE04EC0-301F-11D3-BF4B-00C04F79EFBC}") = "ServerTest", "..\ServerTest\ServerTest.csproj", "{0F5BD206-781B-4A12-A835-4870540F7C4E}"
EndProject
Global
	GlobalSection(SolutionConfigurationPlatforms) = preSolution
		Debug|Any CPU = Debug|Any CPU
		Release|Any CPU = Release|Any CPU
	EndGlobalSection
	GlobalSection(ProjectConfigurationPlatforms) = postSolution
		{43394239-E88A-4C80-840A-4B894BD2AF8A}.Debug|Any CPU.ActiveCfg = Debug|Any CPU
		{43394239-E88A-4C80-840A-4B894BD2AF8A}.Debug|Any CPU.Build.0 = Debug|Any CPU
		{43394239-E88A-4C80-840A-4B894BD2AF8A}.Release|Any CPU.ActiveCfg = Release|Any CPU
		{43394239-E88A-4C80-840A-4B894BD2AF8A}.Release|Any CPU.Build.0 = Release|Any CPU
		{0F5BD206-781B-4A12-A835-4870540F7C4E}.Debug|Any CPU.ActiveCfg = Debug|Any CPU
		{0F5BD206-781B-4A12-A835-4870540F7C4E}.Debug|Any CPU.Build.0 = Debug|Any CPU
		{0F5BD206-781B-4A12-A835-4870540F7C4E}.Release|Any CPU.ActiveCfg = Release|Any CPU
		{0F5BD206-781B-4A12-A835-4870540F7C4E}.Release|Any CPU.Build.0 = Release|Any CPU
	EndGlobalSection
	GlobalSection(SolutionProperties) = preSolution
		HideSolutionNode = FALSE
	EndGlobalSection
	GlobalSection(ExtensibilityGlobals) = postSolution
		SolutionGuid = {1637F726-5D24-4B32-9DF9-8323CF36332C}
	EndGlobalSection
EndGlobal
